
Microsoft Visual Studio Solution File, Format Version 12.00
# Visual Studio Version 17
VisualStudioVersion = 17.13.36105.23 d17.13
MinimumVisualStudioVersion = 10.0.40219.1
Project("{FAE04EC0-301F-11D3-BF4B-00C04F79EFBC}") = "CryoTaskTracker", "CryoTaskTracker.csproj", "{99B70788-A349-405D-AEB0-7EDCB6DEE83A}"
EndProject
Global
	GlobalSection(SolutionConfigurationPlatforms) = preSolution
		Debug|Any CPU = Debug|Any CPU
		Release|Any CPU = Release|Any CPU
	EndGlobalSection
	GlobalSection(ProjectConfigurationPlatforms) = postSolution
		{99B70788-A349-405D-AEB0-7EDCB6DEE83A}.Debug|Any CPU.ActiveCfg = Debug|Any CPU
		{99B70788-A349-405D-AEB0-7EDCB6DEE83A}.Debug|Any CPU.Build.0 = Debug|Any CPU
		{99B70788-A349-405D-AEB0-7EDCB6DEE83A}.Release|Any CPU.ActiveCfg = Release|Any CPU
		{99B70788-A349-405D-AEB0-7EDCB6DEE83A}.Release|Any CPU.Build.0 = Release|Any CPU
	EndGlobalSection
	GlobalSection(SolutionProperties) = preSolution
		HideSolutionNode = FALSE
	EndGlobalSection
	GlobalSection(ExtensibilityGlobals) = postSolution
		SolutionGuid = {04838D92-CF0F-4064-96A8-81C5C6B0F708}
	EndGlobalSection
EndGlobal
